
Microsoft Visual Studio Solution File, Format Version 12.00
# Visual Studio Version 17
VisualStudioVersion = 17.10.34928.147
MinimumVisualStudioVersion = 10.0.40219.1
Project("{FAE04EC0-301F-11D3-BF4B-00C04F79EFBC}") = "LGClientDisplayNew", "LGClientDisplayNew.csproj", "{63518998-C161-483B-80DF-7527C2AA75E1}"
EndProject
Global
	GlobalSection(SolutionConfigurationPlatforms) = preSolution
		Debug|Any CPU = Debug|Any CPU
		Release|Any CPU = Release|Any CPU
	EndGlobalSection
	GlobalSection(ProjectConfigurationPlatforms) = postSolution
		{63518998-C161-483B-80DF-7527C2AA75E1}.Debug|Any CPU.ActiveCfg = Debug|Any CPU
		{63518998-C161-483B-80DF-7527C2AA75E1}.Debug|Any CPU.Build.0 = Debug|Any CPU
		{63518998-C161-483B-80DF-7527C2AA75E1}.Release|Any CPU.ActiveCfg = Release|Any CPU
		{63518998-C161-483B-80DF-7527C2AA75E1}.Release|Any CPU.Build.0 = Release|Any CPU
	EndGlobalSection
	GlobalSection(SolutionProperties) = preSolution
		HideSolutionNode = FALSE
	EndGlobalSection
	GlobalSection(ExtensibilityGlobals) = postSolution
		SolutionGuid = {FB267CEE-AEA2-455C-BDF3-7E257B37B981}
	EndGlobalSection
EndGlobal
