
Microsoft Visual Studio Solution File, Format Version 12.00
# Visual Studio Version 17
VisualStudioVersion = 17.5.33530.505
MinimumVisualStudioVersion = 10.0.40219.1
Project("{8BC9CEB8-8B4A-11D0-8D11-00A0C91BC942}") = "LgClientDisplay", "LgClientDisplay\LgClientDisplay.vcxproj", "{D57D3C29-40C6-4051-8624-6061653706CE}"
EndProject
Global
	GlobalSection(SolutionConfigurationPlatforms) = preSolution
		Debug|x64 = Debug|x64
		Debug|x86 = Debug|x86
		Release|x64 = Release|x64
		Release|x86 = Release|x86
	EndGlobalSection
	GlobalSection(ProjectConfigurationPlatforms) = postSolution
		{D57D3C29-40C6-4051-8624-6061653706CE}.Debug|x64.ActiveCfg = Debug|x64
		{D57D3C29-40C6-4051-8624-6061653706CE}.Debug|x64.Build.0 = Debug|x64
		{D57D3C29-40C6-4051-8624-6061653706CE}.Debug|x86.ActiveCfg = Debug|Win32
		{D57D3C29-40C6-4051-8624-6061653706CE}.Debug|x86.Build.0 = Debug|Win32
		{D57D3C29-40C6-4051-8624-6061653706CE}.Release|x64.ActiveCfg = Release|x64
		{D57D3C29-40C6-4051-8624-6061653706CE}.Release|x64.Build.0 = Release|x64
		{D57D3C29-40C6-4051-8624-6061653706CE}.Release|x86.ActiveCfg = Release|Win32
		{D57D3C29-40C6-4051-8624-6061653706CE}.Release|x86.Build.0 = Release|Win32
	EndGlobalSection
	GlobalSection(SolutionProperties) = preSolution
		HideSolutionNode = FALSE
	EndGlobalSection
	GlobalSection(ExtensibilityGlobals) = postSolution
		SolutionGuid = {00293950-2A3B-4C53-949D-B21377CD91F8}
	EndGlobalSection
EndGlobal
