
Microsoft Visual Studio Solution File, Format Version 12.00
# Visual Studio Version 17
VisualStudioVersion = 17.7.34031.279
MinimumVisualStudioVersion = 10.0.40219.1
Project("{FAE04EC0-301F-11D3-BF4B-00C04F79EFBC}") = "TCPServer", "TCPServer\TCPServer.csproj", "{393FBFA9-5FE1-40F6-A984-3770B72F45B0}"
EndProject
Global
	GlobalSection(SolutionConfigurationPlatforms) = preSolution
		Debug|Any CPU = Debug|Any CPU
		Release|Any CPU = Release|Any CPU
	EndGlobalSection
	GlobalSection(ProjectConfigurationPlatforms) = postSolution
		{393FBFA9-5FE1-40F6-A984-3770B72F45B0}.Debug|Any CPU.ActiveCfg = Debug|Any CPU
		{393FBFA9-5FE1-40F6-A984-3770B72F45B0}.Debug|Any CPU.Build.0 = Debug|Any CPU
		{393FBFA9-5FE1-40F6-A984-3770B72F45B0}.Release|Any CPU.ActiveCfg = Release|Any CPU
		{393FBFA9-5FE1-40F6-A984-3770B72F45B0}.Release|Any CPU.Build.0 = Release|Any CPU
	EndGlobalSection
	GlobalSection(SolutionProperties) = preSolution
		HideSolutionNode = FALSE
	EndGlobalSection
	GlobalSection(ExtensibilityGlobals) = postSolution
		SolutionGuid = {B54695B5-1C36-4943-B8C4-9CE24FE467F0}
	EndGlobalSection
EndGlobal
